lockfileVersion: '6.0'

settings:
  autoInstallPeers: true
  excludeLinksFromLockfile: false

dependencies:
  '@ai-sdk/openai':
    specifier: ^0.0.36
    version: 0.0.36(zod@3.23.8)
  ai:
    specifier: ^3.2.24
    version: 3.3.3(react@18.3.1)(svelte@4.2.18)(vue@3.4.36)(zod@3.23.8)
  composio-core:
    specifier: 0.1.6-0
    version: link:../..
  dotenv:
    specifier: ^16.4.5
    version: 16.4.5
  zod:
    specifier: ^3.23.8
    version: 3.23.8

packages:

  /@ai-sdk/openai@0.0.36(zod@3.23.8):
    resolution: {integrity: sha512-6IcvR35UMuuQEQPkVjzUtqDAuz6vy+PMCEL0PAS2ufHXdPPm81OTKVetqjgOPjebsikhVP0soK1pKPEe2cztAQ==}
    engines: {node: '>=18'}
    peerDependencies:
      zod: ^3.0.0
    dependencies:
      '@ai-sdk/provider': 0.0.12
      '@ai-sdk/provider-utils': 1.0.2(zod@3.23.8)
      zod: 3.23.8
    dev: false

  /@ai-sdk/provider-utils@1.0.2(zod@3.23.8):
    resolution: {integrity: sha512-57f6O4OFVNEpI8Z8o+K40tIB3YQiTw+VCql/qrAO9Utq7Ti1o6+X9tvm177DlZJL7ft0Rwzvgy48S9YhrEKgmA==}
    engines: {node: '>=18'}
    peerDependencies:
      zod: ^3.0.0
    peerDependenciesMeta:
      zod:
        optional: true
    dependencies:
      '@ai-sdk/provider': 0.0.12
      eventsource-parser: 1.1.2
      nanoid: 3.3.6
      secure-json-parse: 2.7.0
      zod: 3.23.8
    dev: false

  /@ai-sdk/provider-utils@1.0.8(zod@3.23.8):
    resolution: {integrity: sha512-FLAwVhycHSPINBSyDB4Y+t7UXLdXwhhzrJFXgKHXYmFP9K54KFhfWguKKjq9/MwhpNBt3hDg+Zty4cIASyX7VQ==}
    engines: {node: '>=18'}
    peerDependencies:
      zod: ^3.0.0
    peerDependenciesMeta:
      zod:
        optional: true
    dependencies:
      '@ai-sdk/provider': 0.0.16
      eventsource-parser: 1.1.2
      nanoid: 3.3.6
      secure-json-parse: 2.7.0
      zod: 3.23.8
    dev: false

  /@ai-sdk/provider@0.0.12:
    resolution: {integrity: sha512-oOwPQD8i2Ynpn22cur4sk26FW3mSy6t6/X/K1Ay2yGBKYiSpRyLfObhOrZEGsXDx+3euKy4nEZ193R36NM+tpQ==}
    engines: {node: '>=18'}
    dependencies:
      json-schema: 0.4.0
    dev: false

  /@ai-sdk/provider@0.0.16:
    resolution: {integrity: sha512-PnNUvedxoCvkyzcA5otNHi5xQdTiw58Ql4m9I9kT8I/Zs2R7RRNkvvCbbRfRztWvIpZvvA2q/UTO7xJHhleY7Q==}
    engines: {node: '>=18'}
    dependencies:
      json-schema: 0.4.0
    dev: false

  /@ai-sdk/react@0.0.39(react@18.3.1)(zod@3.23.8):
    resolution: {integrity: sha512-F4g+u5+RAVXeGpnwhUMleSlOXd3XG4h6r2nXkcHp8OBRFXunzKcDyc5ET90+HC+eDQQqZosVGn7rslRvnw8QnA==}
    engines: {node: '>=18'}
    peerDependencies:
      react: ^18 || ^19
      zod: ^3.0.0
    peerDependenciesMeta:
      react:
        optional: true
      zod:
        optional: true
    dependencies:
      '@ai-sdk/provider-utils': 1.0.8(zod@3.23.8)
      '@ai-sdk/ui-utils': 0.0.27(zod@3.23.8)
      react: 18.3.1
      swr: 2.2.5(react@18.3.1)
      zod: 3.23.8
    dev: false

  /@ai-sdk/solid@0.0.30(zod@3.23.8):
    resolution: {integrity: sha512-AhT1UWbcGB+G1W+odunwiO33HCP/WFCUGEq5OKZt6Xo850k2m5jCLTl9PqGhdn/IAcpAATJKmVCG9PMR1LyNyw==}
    engines: {node: '>=18'}
    peerDependencies:
      solid-js: ^1.7.7
    peerDependenciesMeta:
      solid-js:
        optional: true
    dependencies:
      '@ai-sdk/provider-utils': 1.0.8(zod@3.23.8)
      '@ai-sdk/ui-utils': 0.0.27(zod@3.23.8)
    transitivePeerDependencies:
      - zod
    dev: false

  /@ai-sdk/svelte@0.0.32(svelte@4.2.18)(zod@3.23.8):
    resolution: {integrity: sha512-KawwKNnHlQ8RZy7S1A60WyHRyOqdUFj3gp1jOJHb4GoYYTfSjvlJB+IZsVttCnlxsajgvwgHIE7QFm0LkXcS8g==}
    engines: {node: '>=18'}
    peerDependencies:
      svelte: ^3.0.0 || ^4.0.0
    peerDependenciesMeta:
      svelte:
        optional: true
    dependencies:
      '@ai-sdk/provider-utils': 1.0.8(zod@3.23.8)
      '@ai-sdk/ui-utils': 0.0.27(zod@3.23.8)
      sswr: 2.1.0(svelte@4.2.18)
      svelte: 4.2.18
    transitivePeerDependencies:
      - zod
    dev: false

  /@ai-sdk/ui-utils@0.0.27(zod@3.23.8):
    resolution: {integrity: sha512-XQaKMLg/KAml7Rt0zdny7AJOXZWZsGp/vQ70F2c9eD/ABkGzHNjWRVVpfYJgHoQxc9KRK/mrGEJEZFFqm2yyHw==}
    engines: {node: '>=18'}
    peerDependencies:
      zod: ^3.0.0
    peerDependenciesMeta:
      zod:
        optional: true
    dependencies:
      '@ai-sdk/provider': 0.0.16
      '@ai-sdk/provider-utils': 1.0.8(zod@3.23.8)
      secure-json-parse: 2.7.0
      zod: 3.23.8
    dev: false

  /@ai-sdk/vue@0.0.31(vue@3.4.36)(zod@3.23.8):
    resolution: {integrity: sha512-/reWD7JCNOdTVnlVDybYUE4cZu0DYmqAX9crss937BivbueVSI1DGJwELz19RjtngJpQXwV7e9fvdOzx6nJDdw==}
    engines: {node: '>=18'}
    peerDependencies:
      vue: ^3.3.4
    peerDependenciesMeta:
      vue:
        optional: true
    dependencies:
      '@ai-sdk/provider-utils': 1.0.8(zod@3.23.8)
      '@ai-sdk/ui-utils': 0.0.27(zod@3.23.8)
      swrv: 1.0.4(vue@3.4.36)
      vue: 3.4.36
    transitivePeerDependencies:
      - zod
    dev: false

  /@ampproject/remapping@2.3.0:
    resolution: {integrity: sha512-30iZtAPgz+LTIYoeivqYo853f02jBYSd5uGnGpkFV0M3xOt9aN73erkgYAmZU43x4VfqcnLxW9Kpg3R5LC4YYw==}
    engines: {node: '>=6.0.0'}
    dependencies:
      '@jridgewell/gen-mapping': 0.3.5
      '@jridgewell/trace-mapping': 0.3.25
    dev: false

  /@babel/helper-string-parser@7.24.8:
    resolution: {integrity: sha512-pO9KhhRcuUyGnJWwyEgnRJTSIZHiT+vMD0kPeD+so0l7mxkMT19g3pjY9GTnHySck/hDzq+dtW/4VgnMkippsQ==}
    engines: {node: '>=6.9.0'}
    dev: false

  /@babel/helper-validator-identifier@7.24.7:
    resolution: {integrity: sha512-rR+PBcQ1SMQDDyF6X0wxtG8QyLCgUB0eRAGguqRLfkCA87l7yAP7ehq8SNj96OOGTO8OBV70KhuFYcIkHXOg0w==}
    engines: {node: '>=6.9.0'}
    dev: false

  /@babel/parser@7.25.3:
    resolution: {integrity: sha512-iLTJKDbJ4hMvFPgQwwsVoxtHyWpKKPBrxkANrSYewDPaPpT5py5yeVkgPIJ7XYXhndxJpaA3PyALSXQ7u8e/Dw==}
    engines: {node: '>=6.0.0'}
    hasBin: true
    dependencies:
      '@babel/types': 7.25.2
    dev: false

  /@babel/types@7.25.2:
    resolution: {integrity: sha512-YTnYtra7W9e6/oAZEHj0bJehPRUlLH9/fbpT5LfB0NhQXyALCRkRs3zH9v07IYhkgpqX6Z78FnuccZr/l4Fs4Q==}
    engines: {node: '>=6.9.0'}
    dependencies:
      '@babel/helper-string-parser': 7.24.8
      '@babel/helper-validator-identifier': 7.24.7
      to-fast-properties: 2.0.0
    dev: false

  /@jridgewell/gen-mapping@0.3.5:
    resolution: {integrity: sha512-IzL8ZoEDIBRWEzlCcRhOaCupYyN5gdIK+Q6fbFdPDg6HqX6jpkItn7DFIpW9LQzXG6Df9sA7+OKnq0qlz/GaQg==}
    engines: {node: '>=6.0.0'}
    dependencies:
      '@jridgewell/set-array': 1.2.1
      '@jridgewell/sourcemap-codec': 1.5.0
      '@jridgewell/trace-mapping': 0.3.25
    dev: false

  /@jridgewell/resolve-uri@3.1.2:
    resolution: {integrity: sha512-bRISgCIjP20/tbWSPWMEi54QVPRZExkuD9lJL+UIxUKtwVJA8wW1Trb1jMs1RFXo1CBTNZ/5hpC9QvmKWdopKw==}
    engines: {node: '>=6.0.0'}
    dev: false

  /@jridgewell/set-array@1.2.1:
    resolution: {integrity: sha512-R8gLRTZeyp03ymzP/6Lil/28tGeGEzhx1q2k703KGWRAI1VdvPIXdG70VJc2pAMw3NA6JKL5hhFu1sJX0Mnn/A==}
    engines: {node: '>=6.0.0'}
    dev: false

  /@jridgewell/sourcemap-codec@1.5.0:
    resolution: {integrity: sha512-gv3ZRaISU3fjPAgNsriBRqGWQL6quFx04YMPW/zD8XMLsU32mhCCbfbO6KZFLjvYpCZ8zyDEgqsgf+PwPaM7GQ==}
    dev: false

  /@jridgewell/trace-mapping@0.3.25:
    resolution: {integrity: sha512-vNk6aEwybGtawWmy/PzwnGDOjCkLWSD2wqvjGGAgOAwCGWySYXfYoxt00IJkTF+8Lb57DwOb3Aa0o9CApepiYQ==}
    dependencies:
      '@jridgewell/resolve-uri': 3.1.2
      '@jridgewell/sourcemap-codec': 1.5.0
    dev: false

  /@opentelemetry/api@1.9.0:
    resolution: {integrity: sha512-3giAOQvZiH5F9bMlMiv8+GSPMeqg0dbaeo58/0SlA9sxSqZhnUtxzX9/2FzyhS9sWQf5S0GJE0AKBrFqjpeYcg==}
    engines: {node: '>=8.0.0'}
    dev: false

  /@types/diff-match-patch@1.0.36:
    resolution: {integrity: sha512-xFdR6tkm0MWvBfO8xXCSsinYxHcqkQUlcHeSpMC2ukzOb6lwQAfDmW+Qt0AvlGd8HpsS28qKsB+oPeJn9I39jg==}
    dev: false

  /@types/estree@1.0.5:
    resolution: {integrity: sha512-/kYRxGDLWzHOB7q+wtSUQlFrtcdUccpfy+X+9iMBpHK8QLLhx2wIPYuS5DYtR9Wa/YlZAbIovy7qVdB1Aq6Lyw==}
    dev: false

  /@vue/compiler-core@3.4.36:
    resolution: {integrity: sha512-qBkndgpwFKdupmOPoiS10i7oFdN7a+4UNDlezD0GlQ1kuA1pNrscg9g12HnB5E8hrWSuEftRsbJhL1HI2zpJhg==}
    dependencies:
      '@babel/parser': 7.25.3
      '@vue/shared': 3.4.36
      entities: 5.0.0
      estree-walker: 2.0.2
      source-map-js: 1.2.0
    dev: false

  /@vue/compiler-dom@3.4.36:
    resolution: {integrity: sha512-eEIjy4GwwZTFon/Y+WO8tRRNGqylaRlA79T1RLhUpkOzJ7EtZkkb8MurNfkqY6x6Qiu0R7ESspEF7GkPR/4yYg==}
    dependencies:
      '@vue/compiler-core': 3.4.36
      '@vue/shared': 3.4.36
    dev: false

  /@vue/compiler-sfc@3.4.36:
    resolution: {integrity: sha512-rhuHu7qztt/rNH90dXPTzhB7hLQT2OC4s4GrPVqmzVgPY4XBlfWmcWzn4bIPEWNImt0CjO7kfHAf/1UXOtx3vw==}
    dependencies:
      '@babel/parser': 7.25.3
      '@vue/compiler-core': 3.4.36
      '@vue/compiler-dom': 3.4.36
      '@vue/compiler-ssr': 3.4.36
      '@vue/shared': 3.4.36
      estree-walker: 2.0.2
      magic-string: 0.30.11
      postcss: 8.4.41
      source-map-js: 1.2.0
    dev: false

  /@vue/compiler-ssr@3.4.36:
    resolution: {integrity: sha512-Wt1zyheF0zVvRJyhY74uxQbnkXV2Le/JPOrAxooR4rFYKC7cFr+cRqW6RU3cM/bsTy7sdZ83IDuy/gLPSfPGng==}
    dependencies:
      '@vue/compiler-dom': 3.4.36
      '@vue/shared': 3.4.36
    dev: false

  /@vue/reactivity@3.4.36:
    resolution: {integrity: sha512-wN1aoCwSoqrt1yt8wO0gc13QaC+Vk1o6AoSt584YHNnz6TGDhh1NCMUYgAnvp4HEIkLdGsaC1bvu/P+wpoDEXw==}
    dependencies:
      '@vue/shared': 3.4.36
    dev: false

  /@vue/runtime-core@3.4.36:
    resolution: {integrity: sha512-9+TR14LAVEerZWLOm/N/sG2DVYhrH2bKgFrbH/FVt/Q8Jdw4OtdcGMRC6Tx8VAo0DA1eqAqrZaX0fbOaOxxZ4A==}
    dependencies:
      '@vue/reactivity': 3.4.36
      '@vue/shared': 3.4.36
    dev: false

  /@vue/runtime-dom@3.4.36:
    resolution: {integrity: sha512-2Qe2fKkLxgZBVvHrG0QMNLL4bsx7Ae88pyXebY2WnQYABpOnGYvA+axMbcF9QwM4yxnsv+aELbC0eiNVns7mGw==}
    dependencies:
      '@vue/reactivity': 3.4.36
      '@vue/runtime-core': 3.4.36
      '@vue/shared': 3.4.36
      csstype: 3.1.3
    dev: false

  /@vue/server-renderer@3.4.36(vue@3.4.36):
    resolution: {integrity: sha512-2XW90Rq8+Y7S1EIsAuubZVLm0gCU8HYb5mRAruFdwfC3XSOU5/YKePz29csFzsch8hXaY5UHh7ZMddmi1XTJEA==}
    peerDependencies:
      vue: 3.4.36
    dependencies:
      '@vue/compiler-ssr': 3.4.36
      '@vue/shared': 3.4.36
      vue: 3.4.36
    dev: false

  /@vue/shared@3.4.36:
    resolution: {integrity: sha512-fdPLStwl1sDfYuUftBaUVn2pIrVFDASYerZSrlBvVBfylObPA1gtcWJHy5Ox8jLEJ524zBibss488Q3SZtU1uA==}
    dev: false

  /acorn@8.12.1:
    resolution: {integrity: sha512-tcpGyI9zbizT9JbV6oYE477V6mTlXvvi0T0G3SNIYE2apm/G5huBa1+K89VGeovbg+jycCrfhl3ADxErOuO6Jg==}
    engines: {node: '>=0.4.0'}
    hasBin: true
    dev: false

  /ai@3.3.3(react@18.3.1)(svelte@4.2.18)(vue@3.4.36)(zod@3.23.8):
    resolution: {integrity: sha512-sIwaIDVIQyIMe7KsdrRIEjtVdi3EbqcNnD9ejzuinIoYhfxMpt9POXWnq2R7iC26wqkqOhPuKWePJ8nqYzUYIA==}
    engines: {node: '>=18'}
    peerDependencies:
      openai: ^4.42.0
      react: ^18 || ^19
      sswr: ^2.1.0
      svelte: ^3.0.0 || ^4.0.0
      zod: ^3.0.0
    peerDependenciesMeta:
      openai:
        optional: true
      react:
        optional: true
      sswr:
        optional: true
      svelte:
        optional: true
      zod:
        optional: true
    dependencies:
      '@ai-sdk/provider': 0.0.16
      '@ai-sdk/provider-utils': 1.0.8(zod@3.23.8)
      '@ai-sdk/react': 0.0.39(react@18.3.1)(zod@3.23.8)
      '@ai-sdk/solid': 0.0.30(zod@3.23.8)
      '@ai-sdk/svelte': 0.0.32(svelte@4.2.18)(zod@3.23.8)
      '@ai-sdk/ui-utils': 0.0.27(zod@3.23.8)
      '@ai-sdk/vue': 0.0.31(vue@3.4.36)(zod@3.23.8)
      '@opentelemetry/api': 1.9.0
      eventsource-parser: 1.1.2
      json-schema: 0.4.0
      jsondiffpatch: 0.6.0
      nanoid: 3.3.6
      react: 18.3.1
      secure-json-parse: 2.7.0
      svelte: 4.2.18
      zod: 3.23.8
      zod-to-json-schema: 3.22.5(zod@3.23.8)
    transitivePeerDependencies:
      - solid-js
      - vue
    dev: false

  /aria-query@5.3.0:
    resolution: {integrity: sha512-b0P0sZPKtyu8HkeRAfCq0IfURZK+SuwMjY1UXGBU27wpAiTwQAIlq56IbIO+ytk/JjS1fMR14ee5WBBfKi5J6A==}
    dependencies:
      dequal: 2.0.3
    dev: false

  /axobject-query@4.1.0:
    resolution: {integrity: sha512-qIj0G9wZbMGNLjLmg1PT6v2mE9AH2zlnADJD/2tC6E00hgmhUOfEB6greHPAfLRSufHqROIUTkw6E+M3lH0PTQ==}
    engines: {node: '>= 0.4'}
    dev: false

  /chalk@5.3.0:
    resolution: {integrity: sha512-dLitG79d+GV1Nb/VYcCDFivJeK1hiukt9QjRNVOsUtTy1rR1YJsmpGGTZ3qJos+uw7WmWF4wUwBd9jxjocFC2w==}
    engines: {node: ^12.17.0 || ^14.13 || >=16.0.0}
    dev: false

  /client-only@0.0.1:
    resolution: {integrity: sha512-IV3Ou0jSMzZrd3pZ48nLkT9DA7Ag1pnPzaiQhpW7c3RbcqqzvzzVu+L8gfqMp/8IM2MQtSiqaCxrrcfu8I8rMA==}
    dev: false

  /code-red@1.0.4:
    resolution: {integrity: sha512-7qJWqItLA8/VPVlKJlFXU+NBlo/qyfs39aJcuMT/2ere32ZqvF5OSxgdM5xOfJJ7O429gg2HM47y8v9P+9wrNw==}
    dependencies:
      '@jridgewell/sourcemap-codec': 1.5.0
      '@types/estree': 1.0.5
      acorn: 8.12.1
      estree-walker: 3.0.3
      periscopic: 3.1.0
    dev: false

  /css-tree@2.3.1:
    resolution: {integrity: sha512-6Fv1DV/TYw//QF5IzQdqsNDjx/wc8TrMBZsqjL9eW01tWb7R7k/mq+/VXfJCl7SoD5emsJop9cOByJZfs8hYIw==}
    engines: {node: ^10 || ^12.20.0 || ^14.13.0 || >=15.0.0}
    dependencies:
      mdn-data: 2.0.30
      source-map-js: 1.2.0
    dev: false

  /csstype@3.1.3:
    resolution: {integrity: sha512-M1uQkMl8rQK/szD0LNhtqxIPLpimGm8sOBwU7lLnCpSbTyY3yeU1Vc7l4KT5zT4s/yOxHH5O7tIuuLOCnLADRw==}
    dev: false

  /dequal@2.0.3:
    resolution: {integrity: sha512-0je+qPKHEMohvfRTCEo3CrPG6cAzAYgmzKyxRiYSSDkS6eGJdyVJm7WaYA5ECaAD9wLB2T4EEeymA5aFVcYXCA==}
    engines: {node: '>=6'}
    dev: false

  /diff-match-patch@1.0.5:
    resolution: {integrity: sha512-IayShXAgj/QMXgB0IWmKx+rOPuGMhqm5w6jvFxmVenXKIzRqTAAsbBPT3kWQeGANj3jGgvcvv4yK6SxqYmikgw==}
    dev: false

  /dotenv@16.4.5:
    resolution: {integrity: sha512-ZmdL2rui+eB2YwhsWzjInR8LldtZHGDoQ1ugH85ppHKwpUHL7j7rN0Ti9NCnGiQbhaZ11FpR+7ao1dNsmduNUg==}
    engines: {node: '>=12'}
    dev: false

  /entities@5.0.0:
    resolution: {integrity: sha512-BeJFvFRJddxobhvEdm5GqHzRV/X+ACeuw0/BuuxsCh1EUZcAIz8+kYmBp/LrQuloy6K1f3a0M7+IhmZ7QnkISA==}
    engines: {node: '>=0.12'}
    dev: false

  /estree-walker@2.0.2:
    resolution: {integrity: sha512-Rfkk/Mp/DL7JVje3u18FxFujQlTNR2q6QfMSMB7AvCBx91NGj/ba3kCfza0f6dVDbw7YlRf/nDrn7pQrCCyQ/w==}
    dev: false

  /estree-walker@3.0.3:
    resolution: {integrity: sha512-7RUKfXgSMMkzt6ZuXmqapOurLGPPfgj6l9uRZ7lRGolvk0y2yocc35LdcxKC5PQZdn2DMqioAQ2NoWcrTKmm6g==}
    dependencies:
      '@types/estree': 1.0.5
    dev: false

  /eventsource-parser@1.1.2:
    resolution: {integrity: sha512-v0eOBUbiaFojBu2s2NPBfYUoRR9GjcDNvCXVaqEf5vVfpIAh9f8RCo4vXTP8c63QRKCFwoLpMpTdPwwhEKVgzA==}
    engines: {node: '>=14.18'}
    dev: false

  /is-reference@3.0.2:
    resolution: {integrity: sha512-v3rht/LgVcsdZa3O2Nqs+NMowLOxeOm7Ay9+/ARQ2F+qEoANRcqrjAZKGN0v8ymUetZGgkp26LTnGT7H0Qo9Pg==}
    dependencies:
      '@types/estree': 1.0.5
    dev: false

  /js-tokens@4.0.0:
    resolution: {integrity: sha512-RdJUflcE3cUzKiMqQgsCu06FPu9UdIJO0beYbPhHN4k6apgJtifcoCtT9bcxOpYBtpD2kCM6Sbzg4CausW/PKQ==}
    dev: false

  /json-schema@0.4.0:
    resolution: {integrity: sha512-es94M3nTIfsEPisRafak+HDLfHXnKBhV3vU5eqPcS3flIWqcxJWgXHXiey3YrpaNsanY5ei1VoYEbOzijuq9BA==}
    dev: false

  /jsondiffpatch@0.6.0:
    resolution: {integrity: sha512-3QItJOXp2AP1uv7waBkao5nCvhEv+QmJAd38Ybq7wNI74Q+BBmnLn4EDKz6yI9xGAIQoUF87qHt+kc1IVxB4zQ==}
    engines: {node: ^18.0.0 || >=20.0.0}
    hasBin: true
    dependencies:
      '@types/diff-match-patch': 1.0.36
      chalk: 5.3.0
      diff-match-patch: 1.0.5
    dev: false

  /locate-character@3.0.0:
    resolution: {integrity: sha512-SW13ws7BjaeJ6p7Q6CO2nchbYEc3X3J6WrmTTDto7yMPqVSZTUyY5Tjbid+Ab8gLnATtygYtiDIJGQRRn2ZOiA==}
    dev: false

  /loose-envify@1.4.0:
    resolution: {integrity: sha512-lyuxPGr/Wfhrlem2CL/UcnUc1zcqKAImBDzukY7Y5F/yQiNdko6+fRLevlw1HgMySw7f611UIY408EtxRSoK3Q==}
    hasBin: true
    dependencies:
      js-tokens: 4.0.0
    dev: false

  /magic-string@0.30.11:
    resolution: {integrity: sha512-+Wri9p0QHMy+545hKww7YAu5NyzF8iomPL/RQazugQ9+Ez4Ic3mERMd8ZTX5rfK944j+560ZJi8iAwgak1Ac7A==}
    dependencies:
      '@jridgewell/sourcemap-codec': 1.5.0
    dev: false

  /mdn-data@2.0.30:
    resolution: {integrity: sha512-GaqWWShW4kv/G9IEucWScBx9G1/vsFZZJUO+tD26M8J8z3Kw5RDQjaoZe03YAClgeS/SWPOcb4nkFBTEi5DUEA==}
    dev: false

  /nanoid@3.3.6:
    resolution: {integrity: sha512-BGcqMMJuToF7i1rt+2PWSNVnWIkGCU78jBG3RxO/bZlnZPK2Cmi2QaffxGO/2RvWi9sL+FAiRiXMgsyxQ1DIDA==}
    engines: {node: ^10 || ^12 || ^13.7 || ^14 || >=15.0.1}
    hasBin: true
    dev: false

  /nanoid@3.3.7:
    resolution: {integrity: sha512-eSRppjcPIatRIMC1U6UngP8XFcz8MQWGQdt1MTBQ7NaAmvXDfvNxbvWV3x2y6CdEUciCSsDHDQZbhYaB8QEo2g==}
    engines: {node: ^10 || ^12 || ^13.7 || ^14 || >=15.0.1}
    hasBin: true
    dev: false

  /periscopic@3.1.0:
    resolution: {integrity: sha512-vKiQ8RRtkl9P+r/+oefh25C3fhybptkHKCZSPlcXiJux2tJF55GnEj3BVn4A5gKfq9NWWXXrxkHBwVPUfH0opw==}
    dependencies:
      '@types/estree': 1.0.5
      estree-walker: 3.0.3
      is-reference: 3.0.2
    dev: false

  /picocolors@1.0.1:
    resolution: {integrity: sha512-anP1Z8qwhkbmu7MFP5iTt+wQKXgwzf7zTyGlcdzabySa9vd0Xt392U0rVmz9poOaBj0uHJKyyo9/upk0HrEQew==}
    dev: false

  /postcss@8.4.41:
    resolution: {integrity: sha512-TesUflQ0WKZqAvg52PWL6kHgLKP6xB6heTOdoYM0Wt2UHyxNa4K25EZZMgKns3BH1RLVbZCREPpLY0rhnNoHVQ==}
    engines: {node: ^10 || ^12 || >=14}
    dependencies:
      nanoid: 3.3.7
      picocolors: 1.0.1
      source-map-js: 1.2.0
    dev: false

  /react@18.3.1:
    resolution: {integrity: sha512-wS+hAgJShR0KhEvPJArfuPVN1+Hz1t0Y6n5jLrGQbkb4urgPE/0Rve+1kMB1v/oWgHgm4WIcV+i7F2pTVj+2iQ==}
    engines: {node: '>=0.10.0'}
    dependencies:
      loose-envify: 1.4.0
    dev: false

  /secure-json-parse@2.7.0:
    resolution: {integrity: sha512-6aU+Rwsezw7VR8/nyvKTx8QpWH9FrcYiXXlqC4z5d5XQBDRqtbfsRjnwGyqbi3gddNtWHuEk9OANUotL26qKUw==}
    dev: false

  /source-map-js@1.2.0:
    resolution: {integrity: sha512-itJW8lvSA0TXEphiRoawsCksnlf8SyvmFzIhltqAHluXd88pkCd+cXJVHTDwdCr0IzwptSm035IHQktUu1QUMg==}
    engines: {node: '>=0.10.0'}
    dev: false

  /sswr@2.1.0(svelte@4.2.18):
    resolution: {integrity: sha512-Cqc355SYlTAaUt8iDPaC/4DPPXK925PePLMxyBKuWd5kKc5mwsG3nT9+Mq2tyguL5s7b4Jg+IRMpTRsNTAfpSQ==}
    peerDependencies:
      svelte: ^4.0.0 || ^5.0.0-next.0
    dependencies:
      svelte: 4.2.18
      swrev: 4.0.0
    dev: false

  /svelte@4.2.18:
    resolution: {integrity: sha512-d0FdzYIiAePqRJEb90WlJDkjUEx42xhivxN8muUBmfZnP+tzUgz12DJ2hRJi8sIHCME7jeK1PTMgKPSfTd8JrA==}
    engines: {node: '>=16'}
    dependencies:
      '@ampproject/remapping': 2.3.0
      '@jridgewell/sourcemap-codec': 1.5.0
      '@jridgewell/trace-mapping': 0.3.25
      '@types/estree': 1.0.5
      acorn: 8.12.1
      aria-query: 5.3.0
      axobject-query: 4.1.0
      code-red: 1.0.4
      css-tree: 2.3.1
      estree-walker: 3.0.3
      is-reference: 3.0.2
      locate-character: 3.0.0
      magic-string: 0.30.11
      periscopic: 3.1.0
    dev: false

  /swr@2.2.5(react@18.3.1):
    resolution: {integrity: sha512-QtxqyclFeAsxEUeZIYmsaQ0UjimSq1RZ9Un7I68/0ClKK/U3LoyQunwkQfJZr2fc22DfIXLNDc2wFyTEikCUpg==}
    peerDependencies:
      react: ^16.11.0 || ^17.0.0 || ^18.0.0
    dependencies:
      client-only: 0.0.1
      react: 18.3.1
      use-sync-external-store: 1.2.2(react@18.3.1)
    dev: false

  /swrev@4.0.0:
    resolution: {integrity: sha512-LqVcOHSB4cPGgitD1riJ1Hh4vdmITOp+BkmfmXRh4hSF/t7EnS4iD+SOTmq7w5pPm/SiPeto4ADbKS6dHUDWFA==}
    dev: false

  /swrv@1.0.4(vue@3.4.36):
    resolution: {integrity: sha512-zjEkcP8Ywmj+xOJW3lIT65ciY/4AL4e/Or7Gj0MzU3zBJNMdJiT8geVZhINavnlHRMMCcJLHhraLTAiDOTmQ9g==}
    peerDependencies:
      vue: '>=3.2.26 < 4'
    dependencies:
      vue: 3.4.36
    dev: false

  /to-fast-properties@2.0.0:
    resolution: {integrity: sha512-/OaKK0xYrs3DmxRYqL/yDc+FxFUVYhDlXMhRmv3z915w2HF1tnN1omB354j8VUGO/hbRzyD6Y3sA7v7GS/ceog==}
    engines: {node: '>=4'}
    dev: false

  /use-sync-external-store@1.2.2(react@18.3.1):
    resolution: {integrity: sha512-PElTlVMwpblvbNqQ82d2n6RjStvdSoNe9FG28kNfz3WiXilJm4DdNkEzRhCZuIDwY8U08WVihhGR5iRqAwfDiw==}
    peerDependencies:
      react: ^16.8.0 || ^17.0.0 || ^18.0.0
    dependencies:
      react: 18.3.1
    dev: false

  /vue@3.4.36:
    resolution: {integrity: sha512-mIFvbLgjODfx3Iy1SrxOsiPpDb8Bo3EU+87ioimOZzZTOp15IEdAels70IjBOLO3ZFlLW5AhdwY4dWbXVQKYow==}
    peerDependencies:
      typescript: '*'
    peerDependenciesMeta:
      typescript:
        optional: true
    dependencies:
      '@vue/compiler-dom': 3.4.36
      '@vue/compiler-sfc': 3.4.36
      '@vue/runtime-dom': 3.4.36
      '@vue/server-renderer': 3.4.36(vue@3.4.36)
      '@vue/shared': 3.4.36
    dev: false

  /zod-to-json-schema@3.22.5(zod@3.23.8):
    resolution: {integrity: sha512-+akaPo6a0zpVCCseDed504KBJUQpEW5QZw7RMneNmKw+fGaML1Z9tUNLnHHAC8x6dzVRO1eB2oEMyZRnuBZg7Q==}
    peerDependencies:
      zod: ^3.22.4
    dependencies:
      zod: 3.23.8
    dev: false

  /zod@3.23.8:
    resolution: {integrity: sha512-XBx9AXhXktjUqnepgTiE5flcKIYWi/rme0Eaj+5Y0lftuGBq+jyRu/md4WnuxqgP1ubdpNCsYEYPxrzVHD8d6g==}
    dev: false
