lockfileVersion: '6.0'

settings:
  autoInstallPeers: true
  excludeLinksFromLockfile: false

dependencies:
  zx:
    specifier: ^8.0.1
    version: 8.0.1

packages:

  /@types/fs-extra@11.0.4:
    resolution: {integrity: sha512-yTbItCNreRooED33qjunPthRcSjERP1r4MqCZc7wv0u2sUkzTFp45tgUfS5+r7FrZPdmCCNflLhVSP/o+SemsQ==}
    requiresBuild: true
    dependencies:
      '@types/jsonfile': 6.1.4
      '@types/node': 20.12.7
    dev: false
    optional: true

  /@types/jsonfile@6.1.4:
    resolution: {integrity: sha512-D5qGUYwjvnNNextdU59/+fI+spnwtTFmyQP0h+PfIOSkNfpU6AOICUOkm4i0OnSk+NyjdPJrxCDro0sJsWlRpQ==}
    requiresBuild: true
    dependencies:
      '@types/node': 20.12.7
    dev: false
    optional: true

  /@types/node@20.12.7:
    resolution: {integrity: sha512-wq0cICSkRLVaf3UGLMGItu/PtdY7oaXaI/RVU+xliKVOtRna3PRY57ZDfztpDL0n11vfymMUnXv8QwYCO7L1wg==}
    requiresBuild: true
    dependencies:
      undici-types: 5.26.5
    dev: false
    optional: true

  /undici-types@5.26.5:
    resolution: {integrity: sha512-JlCMO+ehdEIKqlFxk6IfVoAUVmgz7cU7zD/h9XZ0qzeosSHmUJVOzSQvvYSYWXkFXC+IfLKSIffhv0sVZup6pA==}
    requiresBuild: true
    dev: false
    optional: true

  /zx@8.0.1:
    resolution: {integrity: sha512-Y+ITW1GQjADk7qgrbhnukMgoNsJmlyx53cUQ6/6NXU+BMBdCbTc6flTOHUctmzKvPjTmdwaddzJY/dbLie9sQg==}
    engines: {node: '>= 16.0.0'}
    hasBin: true
    optionalDependencies:
      '@types/fs-extra': 11.0.4
      '@types/node': 20.12.7
    dev: false
