{
  "lockfileVersion": 1,
  "workspaces": {
    "": {
      "dependencies": {
        "@composio/core": "link:../../../../core",
      },
      "devDependencies": {
        "typescript": "^5.9.2",
      },
    },
  },
  "packages": {
    "@composio/core": ["@composio/core@link:../../../../core", {}],

    "typescript": ["typescript@5.8.3", "", { "bin": { "tsc": "bin/tsc", "tsserver": "bin/tsserver" } }, "sha512-p1diW6TqL9L07nNxvRMM7hMMw4c5XOo/1ibL4aAIGmSAt9slTE1Xgw5KWuof2uTOvCg9BY7ZRi+GaF+7sfgPeQ=="],
  }
}
