lockfileVersion: '9.0'

settings:
  autoInstallPeers: true
  excludeLinksFromLockfile: false

importers:
  .:
    dependencies:
      '@composio/core':
        specifier: link:../../../../core
        version: link:../../../../core
    devDependencies:
      typescript:
        specifier: ^5.8.3
        version: 5.8.3

packages:
  typescript@5.8.3:
    resolution:
      {
        integrity: sha512-p1diW6TqL9L07nNxvRMM7hMMw4c5XOo/1ibL4aAIGmSAt9slTE1Xgw5KWuof2uTOvCg9BY7ZRi+GaF+7sfgPeQ==,
      }
    engines: { node: '>=14.17' }
    hasBin: true

snapshots:
  typescript@5.8.3: {}
