lockfileVersion: '9.0'

settings:
  autoInstallPeers: true
  excludeLinksFromLockfile: false

importers:

  .:
    dependencies:
      '@ai-sdk/openai':
        specifier: ^0.0.36
        version: 0.0.36(zod@3.23.8)
      ai:
        specifier: ^3.2.24
        version: 3.4.33(openai@4.68.4(zod@3.23.8))(react@18.3.1)(sswr@2.1.0(svelte@5.4.0))(svelte@5.4.0)(vue@3.5.13(typescript@5.7.2))(zod@3.23.8)
      composio-core:
        specifier: ^0.4.4
        version: 0.4.4
      dotenv:
        specifier: ^16.4.5
        version: 16.4.7
      zod:
        specifier: ^3.23.8
        version: 3.23.8

packages:

  '@ai-sdk/openai@0.0.36':
    resolution: {integrity: sha512-6IcvR35UMuuQEQPkVjzUtqDAuz6vy+PMCEL0PAS2ufHXdPPm81OTKVetqjgOPjebsikhVP0soK1pKPEe2cztAQ==}
    engines: {node: '>=18'}
    peerDependencies:
      zod: ^3.0.0

  '@ai-sdk/provider-utils@1.0.2':
    resolution: {integrity: sha512-57f6O4OFVNEpI8Z8o+K40tIB3YQiTw+VCql/qrAO9Utq7Ti1o6+X9tvm177DlZJL7ft0Rwzvgy48S9YhrEKgmA==}
    engines: {node: '>=18'}
    peerDependencies:
      zod: ^3.0.0
    peerDependenciesMeta:
      zod:
        optional: true

  '@ai-sdk/provider-utils@1.0.22':
    resolution: {integrity: sha512-YHK2rpj++wnLVc9vPGzGFP3Pjeld2MwhKinetA0zKXOoHAT/Jit5O8kZsxcSlJPu9wvcGT1UGZEjZrtO7PfFOQ==}
    engines: {node: '>=18'}
    peerDependencies:
      zod: ^3.0.0
    peerDependenciesMeta:
      zod:
        optional: true

  '@ai-sdk/provider@0.0.12':
    resolution: {integrity: sha512-oOwPQD8i2Ynpn22cur4sk26FW3mSy6t6/X/K1Ay2yGBKYiSpRyLfObhOrZEGsXDx+3euKy4nEZ193R36NM+tpQ==}
    engines: {node: '>=18'}

  '@ai-sdk/provider@0.0.26':
    resolution: {integrity: sha512-dQkfBDs2lTYpKM8389oopPdQgIU007GQyCbuPPrV+K6MtSII3HBfE0stUIMXUb44L+LK1t6GXPP7wjSzjO6uKg==}
    engines: {node: '>=18'}

  '@ai-sdk/react@0.0.70':
    resolution: {integrity: sha512-GnwbtjW4/4z7MleLiW+TOZC2M29eCg1tOUpuEiYFMmFNZK8mkrqM0PFZMo6UsYeUYMWqEOOcPOU9OQVJMJh7IQ==}
    engines: {node: '>=18'}
    peerDependencies:
      react: ^18 || ^19 || ^19.0.0-rc
      zod: ^3.0.0
    peerDependenciesMeta:
      react:
        optional: true
      zod:
        optional: true

  '@ai-sdk/solid@0.0.54':
    resolution: {integrity: sha512-96KWTVK+opdFeRubqrgaJXoNiDP89gNxFRWUp0PJOotZW816AbhUf4EnDjBjXTLjXL1n0h8tGSE9sZsRkj9wQQ==}
    engines: {node: '>=18'}
    peerDependencies:
      solid-js: ^1.7.7
    peerDependenciesMeta:
      solid-js:
        optional: true

  '@ai-sdk/svelte@0.0.57':
    resolution: {integrity: sha512-SyF9ItIR9ALP9yDNAD+2/5Vl1IT6kchgyDH8xkmhysfJI6WrvJbtO1wdQ0nylvPLcsPoYu+cAlz1krU4lFHcYw==}
    engines: {node: '>=18'}
    peerDependencies:
      svelte: ^3.0.0 || ^4.0.0 || ^5.0.0
    peerDependenciesMeta:
      svelte:
        optional: true

  '@ai-sdk/ui-utils@0.0.50':
    resolution: {integrity: sha512-Z5QYJVW+5XpSaJ4jYCCAVG7zIAuKOOdikhgpksneNmKvx61ACFaf98pmOd+xnjahl0pIlc/QIe6O4yVaJ1sEaw==}
    engines: {node: '>=18'}
    peerDependencies:
      zod: ^3.0.0
    peerDependenciesMeta:
      zod:
        optional: true

  '@ai-sdk/vue@0.0.59':
    resolution: {integrity: sha512-+ofYlnqdc8c4F6tM0IKF0+7NagZRAiqBJpGDJ+6EYhDW8FHLUP/JFBgu32SjxSxC6IKFZxEnl68ZoP/Z38EMlw==}
    engines: {node: '>=18'}
    peerDependencies:
      vue: ^3.3.4
    peerDependenciesMeta:
      vue:
        optional: true

  '@ampproject/remapping@2.3.0':
    resolution: {integrity: sha512-30iZtAPgz+LTIYoeivqYo853f02jBYSd5uGnGpkFV0M3xOt9aN73erkgYAmZU43x4VfqcnLxW9Kpg3R5LC4YYw==}
    engines: {node: '>=6.0.0'}

  '@babel/helper-string-parser@7.25.9':
    resolution: {integrity: sha512-4A/SCr/2KLd5jrtOMFzaKjVtAei3+2r/NChoBNoZ3EyP/+GlhoaEGoWOZUmFmoITP7zOJyHIMm+DYRd8o3PvHA==}
    engines: {node: '>=6.9.0'}

  '@babel/helper-validator-identifier@7.25.9':
    resolution: {integrity: sha512-Ed61U6XJc3CVRfkERJWDz4dJwKe7iLmmJsbOGu9wSloNSFttHV0I8g6UAgb7qnK5ly5bGLPd4oXZlxCdANBOWQ==}
    engines: {node: '>=6.9.0'}

  '@babel/parser@7.26.3':
    resolution: {integrity: sha512-WJ/CvmY8Mea8iDXo6a7RK2wbmJITT5fN3BEkRuFlxVyNx8jOKIIhmC4fSkTcPcf8JyavbBwIe6OpiCOBXt/IcA==}
    engines: {node: '>=6.0.0'}
    hasBin: true

  '@babel/types@7.26.3':
    resolution: {integrity: sha512-vN5p+1kl59GVKMvTHt55NzzmYVxprfJD+ql7U9NFIfKCBkYE55LYtS+WtPlaYOyzydrKI8Nezd+aZextrd+FMA==}
    engines: {node: '>=6.9.0'}

  '@jridgewell/gen-mapping@0.3.8':
    resolution: {integrity: sha512-imAbBGkb+ebQyxKgzv5Hu2nmROxoDOXHh80evxdoXNOrvAnVx7zimzc1Oo5h9RlfV4vPXaE2iM5pOFbvOCClWA==}
    engines: {node: '>=6.0.0'}

  '@jridgewell/resolve-uri@3.1.2':
    resolution: {integrity: sha512-bRISgCIjP20/tbWSPWMEi54QVPRZExkuD9lJL+UIxUKtwVJA8wW1Trb1jMs1RFXo1CBTNZ/5hpC9QvmKWdopKw==}
    engines: {node: '>=6.0.0'}

  '@jridgewell/set-array@1.2.1':
    resolution: {integrity: sha512-R8gLRTZeyp03ymzP/6Lil/28tGeGEzhx1q2k703KGWRAI1VdvPIXdG70VJc2pAMw3NA6JKL5hhFu1sJX0Mnn/A==}
    engines: {node: '>=6.0.0'}

  '@jridgewell/sourcemap-codec@1.5.0':
    resolution: {integrity: sha512-gv3ZRaISU3fjPAgNsriBRqGWQL6quFx04YMPW/zD8XMLsU32mhCCbfbO6KZFLjvYpCZ8zyDEgqsgf+PwPaM7GQ==}

  '@jridgewell/trace-mapping@0.3.25':
    resolution: {integrity: sha512-vNk6aEwybGtawWmy/PzwnGDOjCkLWSD2wqvjGGAgOAwCGWySYXfYoxt00IJkTF+8Lb57DwOb3Aa0o9CApepiYQ==}

  '@opentelemetry/api@1.9.0':
    resolution: {integrity: sha512-3giAOQvZiH5F9bMlMiv8+GSPMeqg0dbaeo58/0SlA9sxSqZhnUtxzX9/2FzyhS9sWQf5S0GJE0AKBrFqjpeYcg==}
    engines: {node: '>=8.0.0'}

  '@types/diff-match-patch@1.0.36':
    resolution: {integrity: sha512-xFdR6tkm0MWvBfO8xXCSsinYxHcqkQUlcHeSpMC2ukzOb6lwQAfDmW+Qt0AvlGd8HpsS28qKsB+oPeJn9I39jg==}

  '@types/estree@1.0.6':
    resolution: {integrity: sha512-AYnb1nQyY49te+VRAVgmzfcgjYS91mY5P0TKUDCLEM+gNnA+3T6rWITXRLYCpahpqSQbN5cE+gHpnPyXjHWxcw==}

  '@types/node-fetch@2.6.12':
    resolution: {integrity: sha512-8nneRWKCg3rMtF69nLQJnOYUcbafYeFSjqkw3jCRLsqkWFlHaoQrr5mXmofFGOx3DKn7UfmBMyov8ySvLRVldA==}

  '@types/node@18.19.68':
    resolution: {integrity: sha512-QGtpFH1vB99ZmTa63K4/FU8twThj4fuVSBkGddTp7uIL/cuoLWIUSL2RcOaigBhfR+hg5pgGkBnkoOxrTVBMKw==}

  '@vue/compiler-core@3.5.13':
    resolution: {integrity: sha512-oOdAkwqUfW1WqpwSYJce06wvt6HljgY3fGeM9NcVA1HaYOij3mZG9Rkysn0OHuyUAGMbEbARIpsG+LPVlBJ5/Q==}

  '@vue/compiler-dom@3.5.13':
    resolution: {integrity: sha512-ZOJ46sMOKUjO3e94wPdCzQ6P1Lx/vhp2RSvfaab88Ajexs0AHeV0uasYhi99WPaogmBlRHNRuly8xV75cNTMDA==}

  '@vue/compiler-sfc@3.5.13':
    resolution: {integrity: sha512-6VdaljMpD82w6c2749Zhf5T9u5uLBWKnVue6XWxprDobftnletJ8+oel7sexFfM3qIxNmVE7LSFGTpv6obNyaQ==}

  '@vue/compiler-ssr@3.5.13':
    resolution: {integrity: sha512-wMH6vrYHxQl/IybKJagqbquvxpWCuVYpoUJfCqFZwa/JY1GdATAQ+TgVtgrwwMZ0D07QhA99rs/EAAWfvG6KpA==}

  '@vue/reactivity@3.5.13':
    resolution: {integrity: sha512-NaCwtw8o48B9I6L1zl2p41OHo/2Z4wqYGGIK1Khu5T7yxrn+ATOixn/Udn2m+6kZKB/J7cuT9DbWWhRxqixACg==}

  '@vue/runtime-core@3.5.13':
    resolution: {integrity: sha512-Fj4YRQ3Az0WTZw1sFe+QDb0aXCerigEpw418pw1HBUKFtnQHWzwojaukAs2X/c9DQz4MQ4bsXTGlcpGxU/RCIw==}

  '@vue/runtime-dom@3.5.13':
    resolution: {integrity: sha512-dLaj94s93NYLqjLiyFzVs9X6dWhTdAlEAciC3Moq7gzAc13VJUdCnjjRurNM6uTLFATRHexHCTu/Xp3eW6yoog==}

  '@vue/server-renderer@3.5.13':
    resolution: {integrity: sha512-wAi4IRJV/2SAW3htkTlB+dHeRmpTiVIK1OGLWV1yeStVSebSQQOwGwIq0D3ZIoBj2C2qpgz5+vX9iEBkTdk5YA==}
    peerDependencies:
      vue: 3.5.13

  '@vue/shared@3.5.13':
    resolution: {integrity: sha512-/hnE/qP5ZoGpol0a5mDi45bOd7t3tjYJBjsgCsivow7D48cJeV5l05RD82lPqi7gRiphZM37rnhW1l6ZoCNNnQ==}

  abort-controller@3.0.0:
    resolution: {integrity: sha512-h8lQ8tacZYnR3vNQTgibj+tODHI5/+l06Au2Pcriv/Gmet0eaj4TwWH41sO9wnHDiQsEj19q0drzdWdeAHtweg==}
    engines: {node: '>=6.5'}

  acorn-typescript@1.4.13:
    resolution: {integrity: sha512-xsc9Xv0xlVfwp2o7sQ+GCQ1PgbkdcpWdTzrwXxO3xDMTAywVS3oXVOcOHuRjAPkS4P9b+yc/qNF15460v+jp4Q==}
    peerDependencies:
      acorn: '>=8.9.0'

  acorn@8.14.0:
    resolution: {integrity: sha512-cl669nCJTZBsL97OF4kUQm5g5hC2uihk0NxY3WENAC0TYdILVkAyHymAntgxGkl7K+t0cXIrH5siy5S4XkFycA==}
    engines: {node: '>=0.4.0'}
    hasBin: true

  agentkeepalive@4.5.0:
    resolution: {integrity: sha512-5GG/5IbQQpC9FpkRGsSvZI5QYeSCzlJHdpBQntCsuTOxhKD8lqKhrleg2Yi7yvMIf82Ycmmqln9U8V9qwEiJew==}
    engines: {node: '>= 8.0.0'}

  ai@3.4.33:
    resolution: {integrity: sha512-plBlrVZKwPoRTmM8+D1sJac9Bq8eaa2jiZlHLZIWekKWI1yMWYZvCCEezY9ASPwRhULYDJB2VhKOBUUeg3S5JQ==}
    engines: {node: '>=18'}
    peerDependencies:
      openai: ^4.42.0
      react: ^18 || ^19 || ^19.0.0-rc
      sswr: ^2.1.0
      svelte: ^3.0.0 || ^4.0.0 || ^5.0.0
      zod: ^3.0.0
    peerDependenciesMeta:
      openai:
        optional: true
      react:
        optional: true
      sswr:
        optional: true
      svelte:
        optional: true
      zod:
        optional: true

  aria-query@5.3.2:
    resolution: {integrity: sha512-COROpnaoap1E2F000S62r6A60uHZnmlvomhfyT2DlTcrY1OrBKn2UhH7qn5wTC9zMvD0AY7csdPSNwKP+7WiQw==}
    engines: {node: '>= 0.4'}

  asynckit@0.4.0:
    resolution: {integrity: sha512-Oei9OH4tRh0YqU3GxhX79dM/mwVgvbZJaSNaRk+bshkj0S5cfHcgYakreBjrHwatXKbz+IoIdYLxrKim2MjW0Q==}

  axobject-query@4.1.0:
    resolution: {integrity: sha512-qIj0G9wZbMGNLjLmg1PT6v2mE9AH2zlnADJD/2tC6E00hgmhUOfEB6greHPAfLRSufHqROIUTkw6E+M3lH0PTQ==}
    engines: {node: '>= 0.4'}

  chalk@5.3.0:
    resolution: {integrity: sha512-dLitG79d+GV1Nb/VYcCDFivJeK1hiukt9QjRNVOsUtTy1rR1YJsmpGGTZ3qJos+uw7WmWF4wUwBd9jxjocFC2w==}
    engines: {node: ^12.17.0 || ^14.13 || >=16.0.0}

  client-only@0.0.1:
    resolution: {integrity: sha512-IV3Ou0jSMzZrd3pZ48nLkT9DA7Ag1pnPzaiQhpW7c3RbcqqzvzzVu+L8gfqMp/8IM2MQtSiqaCxrrcfu8I8rMA==}

  combined-stream@1.0.8:
    resolution: {integrity: sha512-FQN4MRfuJeHf7cBbBMJFXhKSDq+2kAArBlmRBvcvFE5BB1HZKXtSFASDhdlz9zOYwxh8lDdnvmMOe/+5cdoEdg==}
    engines: {node: '>= 0.8'}

  composio-core@0.4.4:
    resolution: {integrity: sha512-fSGyj+wSMn9RDbpCuvWi+nptBjawwtfRpsi+9NlAR+qaGsyxPx2eehVZpbUGaVXZZKn3ZQndimI+Z7755WPXew==}
    hasBin: true

  csstype@3.1.3:
    resolution: {integrity: sha512-M1uQkMl8rQK/szD0LNhtqxIPLpimGm8sOBwU7lLnCpSbTyY3yeU1Vc7l4KT5zT4s/yOxHH5O7tIuuLOCnLADRw==}

  delayed-stream@1.0.0:
    resolution: {integrity: sha512-ZySD7Nf91aLB0RxL4KGrKHBXl7Eds1DAmEdcoVawXnLD7SDhpNgtuII2aAkg7a7QS41jxPSZ17p4VdGnMHk3MQ==}
    engines: {node: '>=0.4.0'}

  diff-match-patch@1.0.5:
    resolution: {integrity: sha512-IayShXAgj/QMXgB0IWmKx+rOPuGMhqm5w6jvFxmVenXKIzRqTAAsbBPT3kWQeGANj3jGgvcvv4yK6SxqYmikgw==}

  dotenv@16.4.7:
    resolution: {integrity: sha512-47qPchRCykZC03FhkYAhrvwU4xDBFIj1QPqaarj6mdM/hgUzfPHcpkHJOn3mJAufFeeAxAzeGsr5X0M4k6fLZQ==}
    engines: {node: '>=12'}

  entities@4.5.0:
    resolution: {integrity: sha512-V0hjH4dGPh9Ao5p0MoRY6BVqtwCjhz6vI5LT8AJ55H+4g9/4vbHx1I54fS0XuclLhDHArPQCiMjDxjaL8fPxhw==}
    engines: {node: '>=0.12'}

  esm-env@1.2.1:
    resolution: {integrity: sha512-U9JedYYjCnadUlXk7e1Kr+aENQhtUaoaV9+gZm1T8LC/YBAPJx3NSPIAurFOC0U5vrdSevnUJS2/wUVxGwPhng==}

  esrap@1.2.3:
    resolution: {integrity: sha512-ZlQmCCK+n7SGoqo7DnfKaP1sJZa49P01/dXzmjCASSo04p72w8EksT2NMK8CEX8DhKsfJXANioIw8VyHNsBfvQ==}

  estree-walker@2.0.2:
    resolution: {integrity: sha512-Rfkk/Mp/DL7JVje3u18FxFujQlTNR2q6QfMSMB7AvCBx91NGj/ba3kCfza0f6dVDbw7YlRf/nDrn7pQrCCyQ/w==}

  event-target-shim@5.0.1:
    resolution: {integrity: sha512-i/2XbnSz/uxRCU6+NdVJgKWDTM427+MqYbkQzD321DuCQJUqOuJKIA0IM2+W2xtYHdKOmZ4dR6fExsd4SXL+WQ==}
    engines: {node: '>=6'}

  eventsource-parser@1.1.2:
    resolution: {integrity: sha512-v0eOBUbiaFojBu2s2NPBfYUoRR9GjcDNvCXVaqEf5vVfpIAh9f8RCo4vXTP8c63QRKCFwoLpMpTdPwwhEKVgzA==}
    engines: {node: '>=14.18'}

  form-data-encoder@1.7.2:
    resolution: {integrity: sha512-qfqtYan3rxrnCk1VYaA4H+Ms9xdpPqvLZa6xmMgFvhO32x7/3J/ExcTd6qpxM0vH2GdMI+poehyBZvqfMTto8A==}

  form-data@4.0.1:
    resolution: {integrity: sha512-tzN8e4TX8+kkxGPK8D5u0FNmjPUjw3lwC9lSLxxoB/+GtsJG91CO8bSWy73APlgAZzZbXEYZJuxjkHH2w+Ezhw==}
    engines: {node: '>= 6'}

  formdata-node@4.4.1:
    resolution: {integrity: sha512-0iirZp3uVDjVGt9p49aTaqjk84TrglENEDuqfdlZQ1roC9CWlPk6Avf8EEnZNcAqPonwkG35x4n3ww/1THYAeQ==}
    engines: {node: '>= 12.20'}

  humanize-ms@1.2.1:
    resolution: {integrity: sha512-Fl70vYtsAFb/C06PTS9dZBo7ihau+Tu/DNCk/OyHhea07S+aeMWpFFkUaXRa8fI+ScZbEI8dfSxwY7gxZ9SAVQ==}

  is-reference@3.0.3:
    resolution: {integrity: sha512-ixkJoqQvAP88E6wLydLGGqCJsrFUnqoH6HnaczB8XmDH1oaWU+xxdptvikTgaEhtZ53Ky6YXiBuUI2WXLMCwjw==}

  js-tokens@4.0.0:
    resolution: {integrity: sha512-RdJUflcE3cUzKiMqQgsCu06FPu9UdIJO0beYbPhHN4k6apgJtifcoCtT9bcxOpYBtpD2kCM6Sbzg4CausW/PKQ==}

  json-schema@0.4.0:
    resolution: {integrity: sha512-es94M3nTIfsEPisRafak+HDLfHXnKBhV3vU5eqPcS3flIWqcxJWgXHXiey3YrpaNsanY5ei1VoYEbOzijuq9BA==}

  jsondiffpatch@0.6.0:
    resolution: {integrity: sha512-3QItJOXp2AP1uv7waBkao5nCvhEv+QmJAd38Ybq7wNI74Q+BBmnLn4EDKz6yI9xGAIQoUF87qHt+kc1IVxB4zQ==}
    engines: {node: ^18.0.0 || >=20.0.0}
    hasBin: true

  locate-character@3.0.0:
    resolution: {integrity: sha512-SW13ws7BjaeJ6p7Q6CO2nchbYEc3X3J6WrmTTDto7yMPqVSZTUyY5Tjbid+Ab8gLnATtygYtiDIJGQRRn2ZOiA==}

  loose-envify@1.4.0:
    resolution: {integrity: sha512-lyuxPGr/Wfhrlem2CL/UcnUc1zcqKAImBDzukY7Y5F/yQiNdko6+fRLevlw1HgMySw7f611UIY408EtxRSoK3Q==}
    hasBin: true

  magic-string@0.30.15:
    resolution: {integrity: sha512-zXeaYRgZ6ldS1RJJUrMrYgNJ4fdwnyI6tVqoiIhyCyv5IVTK9BU8Ic2l253GGETQHxI4HNUwhJ3fjDhKqEoaAw==}

  mime-db@1.52.0:
    resolution: {integrity: sha512-sPU4uV7dYlvtWJxwwxHD0PuihVNiE7TyAbQ5SWxDCB9mUYvOgroQOwYQQOKPJ8CIbE+1ETVlOoK1UC2nU3gYvg==}
    engines: {node: '>= 0.6'}

  mime-types@2.1.35:
    resolution: {integrity: sha512-ZDY+bPm5zTTF+YpCrAU9nK0UgICYPT0QtT1NZWFv4s++TNkcgVaT0g6+4R2uI4MjQjzysHB1zxuWL50hzaeXiw==}
    engines: {node: '>= 0.6'}

  ms@2.1.3:
    resolution: {integrity: sha512-6FlzubTLZG3J2a/NVCAleEhjzq5oxgHyaCU9yYXvcLsvoVaHJq/s5xXI6/XXP6tz7R9xAOtHnSO/tXtF3WRTlA==}

  nanoid@3.3.6:
    resolution: {integrity: sha512-BGcqMMJuToF7i1rt+2PWSNVnWIkGCU78jBG3RxO/bZlnZPK2Cmi2QaffxGO/2RvWi9sL+FAiRiXMgsyxQ1DIDA==}
    engines: {node: ^10 || ^12 || ^13.7 || ^14 || >=15.0.1}
    hasBin: true

  nanoid@3.3.8:
    resolution: {integrity: sha512-WNLf5Sd8oZxOm+TzppcYk8gVOgP+l58xNy58D0nbUnOxOWRWvlcCV4kUF7ltmI6PsrLl/BgKEyS4mqsGChFN0w==}
    engines: {node: ^10 || ^12 || ^13.7 || ^14 || >=15.0.1}
    hasBin: true

  node-domexception@1.0.0:
    resolution: {integrity: sha512-/jKZoMpw0F8GRwl4/eLROPA3cfcXtLApP0QzLmUT/HuPCZWyB7IY9ZrMeKw2O/nFIqPQB3PVM9aYm0F312AXDQ==}
    engines: {node: '>=10.5.0'}

  node-fetch@2.7.0:
    resolution: {integrity: sha512-c4FRfUm/dbcWZ7U+1Wq0AwCyFL+3nt2bEw05wfxSz+DWpWsitgmSgYmy2dQdWyKC1694ELPqMs/YzUSNozLt8A==}
    engines: {node: 4.x || >=6.0.0}
    peerDependencies:
      encoding: ^0.1.0
    peerDependenciesMeta:
      encoding:
        optional: true

  openai@4.68.4:
    resolution: {integrity: sha512-LRinV8iU9VQplkr25oZlyrsYGPGasIwYN8KFMAAFTHHLHjHhejtJ5BALuLFrkGzY4wfbKhOhuT+7lcHZ+F3iEA==}
    hasBin: true
    peerDependencies:
      zod: ^3.23.8
    peerDependenciesMeta:
      zod:
        optional: true

  picocolors@1.1.1:
    resolution: {integrity: sha512-xceH2snhtb5M9liqDsmEw56le376mTZkEX/jEb/RxNFyegNul7eNslCXP9FDj/Lcu0X8KEyMceP2ntpaHrDEVA==}

  postcss@8.4.49:
    resolution: {integrity: sha512-OCVPnIObs4N29kxTjzLfUryOkvZEq+pf8jTF0lg8E7uETuWHA+v7j3c/xJmiqpX450191LlmZfUKkXxkTry7nA==}
    engines: {node: ^10 || ^12 || >=14}

  react@18.3.1:
    resolution: {integrity: sha512-wS+hAgJShR0KhEvPJArfuPVN1+Hz1t0Y6n5jLrGQbkb4urgPE/0Rve+1kMB1v/oWgHgm4WIcV+i7F2pTVj+2iQ==}
    engines: {node: '>=0.10.0'}

  secure-json-parse@2.7.0:
    resolution: {integrity: sha512-6aU+Rwsezw7VR8/nyvKTx8QpWH9FrcYiXXlqC4z5d5XQBDRqtbfsRjnwGyqbi3gddNtWHuEk9OANUotL26qKUw==}

  source-map-js@1.2.1:
    resolution: {integrity: sha512-UXWMKhLOwVKb728IUtQPXxfYU+usdybtUrK/8uGE8CQMvrhOpwvzDBwj0QhSL7MQc7vIsISBG8VQ8+IDQxpfQA==}
    engines: {node: '>=0.10.0'}

  sswr@2.1.0:
    resolution: {integrity: sha512-Cqc355SYlTAaUt8iDPaC/4DPPXK925PePLMxyBKuWd5kKc5mwsG3nT9+Mq2tyguL5s7b4Jg+IRMpTRsNTAfpSQ==}
    peerDependencies:
      svelte: ^4.0.0 || ^5.0.0-next.0

  svelte@5.4.0:
    resolution: {integrity: sha512-2I/mjD8cXDpKfdfUK+T6yo/OzugMXIm8lhyJUFM5F/gICMYnkl3C/+4cOSpia8TqpDsi6Qfm5+fdmBNMNmaf2g==}
    engines: {node: '>=18'}

  swr@2.2.5:
    resolution: {integrity: sha512-QtxqyclFeAsxEUeZIYmsaQ0UjimSq1RZ9Un7I68/0ClKK/U3LoyQunwkQfJZr2fc22DfIXLNDc2wFyTEikCUpg==}
    peerDependencies:
      react: ^16.11.0 || ^17.0.0 || ^18.0.0

  swrev@4.0.0:
    resolution: {integrity: sha512-LqVcOHSB4cPGgitD1riJ1Hh4vdmITOp+BkmfmXRh4hSF/t7EnS4iD+SOTmq7w5pPm/SiPeto4ADbKS6dHUDWFA==}

  swrv@1.0.4:
    resolution: {integrity: sha512-zjEkcP8Ywmj+xOJW3lIT65ciY/4AL4e/Or7Gj0MzU3zBJNMdJiT8geVZhINavnlHRMMCcJLHhraLTAiDOTmQ9g==}
    peerDependencies:
      vue: '>=3.2.26 < 4'

  throttleit@2.1.0:
    resolution: {integrity: sha512-nt6AMGKW1p/70DF/hGBdJB57B8Tspmbp5gfJ8ilhLnt7kkr2ye7hzD6NVG8GGErk2HWF34igrL2CXmNIkzKqKw==}
    engines: {node: '>=18'}

  tr46@0.0.3:
    resolution: {integrity: sha512-N3WMsuqV66lT30CrXNbEjx4GEwlow3v6rr4mCcv6prnfwhS01rkgyFdjPNBYd9br7LpXV1+Emh01fHnq2Gdgrw==}

  typescript@5.7.2:
    resolution: {integrity: sha512-i5t66RHxDvVN40HfDd1PsEThGNnlMCMT3jMUuoh9/0TaqWevNontacunWyN02LA9/fIbEWlcHZcgTKb9QoaLfg==}
    engines: {node: '>=14.17'}
    hasBin: true

  undici-types@5.26.5:
    resolution: {integrity: sha512-JlCMO+ehdEIKqlFxk6IfVoAUVmgz7cU7zD/h9XZ0qzeosSHmUJVOzSQvvYSYWXkFXC+IfLKSIffhv0sVZup6pA==}

  use-sync-external-store@1.2.2:
    resolution: {integrity: sha512-PElTlVMwpblvbNqQ82d2n6RjStvdSoNe9FG28kNfz3WiXilJm4DdNkEzRhCZuIDwY8U08WVihhGR5iRqAwfDiw==}
    peerDependencies:
      react: ^16.8.0 || ^17.0.0 || ^18.0.0

  vue@3.5.13:
    resolution: {integrity: sha512-wmeiSMxkZCSc+PM2w2VRsOYAZC8GdipNFRTsLSfodVqI9mbejKeXEGr8SckuLnrQPGe3oJN5c3K0vpoU9q/wCQ==}
    peerDependencies:
      typescript: '*'
    peerDependenciesMeta:
      typescript:
        optional: true

  web-streams-polyfill@4.0.0-beta.3:
    resolution: {integrity: sha512-QW95TCTaHmsYfHDybGMwO5IJIM93I/6vTRk+daHTWFPhwh+C8Cg7j7XyKrwrj8Ib6vYXe0ocYNrmzY4xAAN6ug==}
    engines: {node: '>= 14'}

  webidl-conversions@3.0.1:
    resolution: {integrity: sha512-2JAn3z8AR6rjK8Sm8orRC0h/bcl/DqL7tRPdGZ4I1CjdF+EaMLmYxBHyXuKL849eucPFhvBoxMsflfOb8kxaeQ==}

  whatwg-url@5.0.0:
    resolution: {integrity: sha512-saE57nupxk6v3HY35+jzBwYa0rKSy0XR8JSxZPwgLr7ys0IBzhGviA1/TUGJLmSVqs8pb9AnvICXEuOHLprYTw==}

  zimmerframe@1.1.2:
    resolution: {integrity: sha512-rAbqEGa8ovJy4pyBxZM70hg4pE6gDgaQ0Sl9M3enG3I0d6H4XSAM3GeNGLKnsBpuijUow064sf7ww1nutC5/3w==}

  zod-to-json-schema@3.23.5:
    resolution: {integrity: sha512-5wlSS0bXfF/BrL4jPAbz9da5hDlDptdEppYfe+x4eIJ7jioqKG9uUxOwPzqof09u/XeVdrgFu29lZi+8XNDJtA==}
    peerDependencies:
      zod: ^3.23.3

  zod@3.23.8:
    resolution: {integrity: sha512-XBx9AXhXktjUqnepgTiE5flcKIYWi/rme0Eaj+5Y0lftuGBq+jyRu/md4WnuxqgP1ubdpNCsYEYPxrzVHD8d6g==}

snapshots:

  '@ai-sdk/openai@0.0.36(zod@3.23.8)':
    dependencies:
      '@ai-sdk/provider': 0.0.12
      '@ai-sdk/provider-utils': 1.0.2(zod@3.23.8)
      zod: 3.23.8

  '@ai-sdk/provider-utils@1.0.2(zod@3.23.8)':
    dependencies:
      '@ai-sdk/provider': 0.0.12
      eventsource-parser: 1.1.2
      nanoid: 3.3.6
      secure-json-parse: 2.7.0
    optionalDependencies:
      zod: 3.23.8

  '@ai-sdk/provider-utils@1.0.22(zod@3.23.8)':
    dependencies:
      '@ai-sdk/provider': 0.0.26
      eventsource-parser: 1.1.2
      nanoid: 3.3.8
      secure-json-parse: 2.7.0
    optionalDependencies:
      zod: 3.23.8

  '@ai-sdk/provider@0.0.12':
    dependencies:
      json-schema: 0.4.0

  '@ai-sdk/provider@0.0.26':
    dependencies:
      json-schema: 0.4.0

  '@ai-sdk/react@0.0.70(react@18.3.1)(zod@3.23.8)':
    dependencies:
      '@ai-sdk/provider-utils': 1.0.22(zod@3.23.8)
      '@ai-sdk/ui-utils': 0.0.50(zod@3.23.8)
      swr: 2.2.5(react@18.3.1)
      throttleit: 2.1.0
    optionalDependencies:
      react: 18.3.1
      zod: 3.23.8

  '@ai-sdk/solid@0.0.54(zod@3.23.8)':
    dependencies:
      '@ai-sdk/provider-utils': 1.0.22(zod@3.23.8)
      '@ai-sdk/ui-utils': 0.0.50(zod@3.23.8)
    transitivePeerDependencies:
      - zod

  '@ai-sdk/svelte@0.0.57(svelte@5.4.0)(zod@3.23.8)':
    dependencies:
      '@ai-sdk/provider-utils': 1.0.22(zod@3.23.8)
      '@ai-sdk/ui-utils': 0.0.50(zod@3.23.8)
      sswr: 2.1.0(svelte@5.4.0)
    optionalDependencies:
      svelte: 5.4.0
    transitivePeerDependencies:
      - zod

  '@ai-sdk/ui-utils@0.0.50(zod@3.23.8)':
    dependencies:
      '@ai-sdk/provider': 0.0.26
      '@ai-sdk/provider-utils': 1.0.22(zod@3.23.8)
      json-schema: 0.4.0
      secure-json-parse: 2.7.0
      zod-to-json-schema: 3.23.5(zod@3.23.8)
    optionalDependencies:
      zod: 3.23.8

  '@ai-sdk/vue@0.0.59(vue@3.5.13(typescript@5.7.2))(zod@3.23.8)':
    dependencies:
      '@ai-sdk/provider-utils': 1.0.22(zod@3.23.8)
      '@ai-sdk/ui-utils': 0.0.50(zod@3.23.8)
      swrv: 1.0.4(vue@3.5.13(typescript@5.7.2))
    optionalDependencies:
      vue: 3.5.13(typescript@5.7.2)
    transitivePeerDependencies:
      - zod

  '@ampproject/remapping@2.3.0':
    dependencies:
      '@jridgewell/gen-mapping': 0.3.8
      '@jridgewell/trace-mapping': 0.3.25

  '@babel/helper-string-parser@7.25.9': {}

  '@babel/helper-validator-identifier@7.25.9': {}

  '@babel/parser@7.26.3':
    dependencies:
      '@babel/types': 7.26.3

  '@babel/types@7.26.3':
    dependencies:
      '@babel/helper-string-parser': 7.25.9
      '@babel/helper-validator-identifier': 7.25.9

  '@jridgewell/gen-mapping@0.3.8':
    dependencies:
      '@jridgewell/set-array': 1.2.1
      '@jridgewell/sourcemap-codec': 1.5.0
      '@jridgewell/trace-mapping': 0.3.25

  '@jridgewell/resolve-uri@3.1.2': {}

  '@jridgewell/set-array@1.2.1': {}

  '@jridgewell/sourcemap-codec@1.5.0': {}

  '@jridgewell/trace-mapping@0.3.25':
    dependencies:
      '@jridgewell/resolve-uri': 3.1.2
      '@jridgewell/sourcemap-codec': 1.5.0

  '@opentelemetry/api@1.9.0': {}

  '@types/diff-match-patch@1.0.36': {}

  '@types/estree@1.0.6': {}

  '@types/node-fetch@2.6.12':
    dependencies:
      '@types/node': 18.19.68
      form-data: 4.0.1
    optional: true

  '@types/node@18.19.68':
    dependencies:
      undici-types: 5.26.5
    optional: true

  '@vue/compiler-core@3.5.13':
    dependencies:
      '@babel/parser': 7.26.3
      '@vue/shared': 3.5.13
      entities: 4.5.0
      estree-walker: 2.0.2
      source-map-js: 1.2.1

  '@vue/compiler-dom@3.5.13':
    dependencies:
      '@vue/compiler-core': 3.5.13
      '@vue/shared': 3.5.13

  '@vue/compiler-sfc@3.5.13':
    dependencies:
      '@babel/parser': 7.26.3
      '@vue/compiler-core': 3.5.13
      '@vue/compiler-dom': 3.5.13
      '@vue/compiler-ssr': 3.5.13
      '@vue/shared': 3.5.13
      estree-walker: 2.0.2
      magic-string: 0.30.15
      postcss: 8.4.49
      source-map-js: 1.2.1

  '@vue/compiler-ssr@3.5.13':
    dependencies:
      '@vue/compiler-dom': 3.5.13
      '@vue/shared': 3.5.13

  '@vue/reactivity@3.5.13':
    dependencies:
      '@vue/shared': 3.5.13

  '@vue/runtime-core@3.5.13':
    dependencies:
      '@vue/reactivity': 3.5.13
      '@vue/shared': 3.5.13

  '@vue/runtime-dom@3.5.13':
    dependencies:
      '@vue/reactivity': 3.5.13
      '@vue/runtime-core': 3.5.13
      '@vue/shared': 3.5.13
      csstype: 3.1.3

  '@vue/server-renderer@3.5.13(vue@3.5.13(typescript@5.7.2))':
    dependencies:
      '@vue/compiler-ssr': 3.5.13
      '@vue/shared': 3.5.13
      vue: 3.5.13(typescript@5.7.2)

  '@vue/shared@3.5.13': {}

  abort-controller@3.0.0:
    dependencies:
      event-target-shim: 5.0.1
    optional: true

  acorn-typescript@1.4.13(acorn@8.14.0):
    dependencies:
      acorn: 8.14.0

  acorn@8.14.0: {}

  agentkeepalive@4.5.0:
    dependencies:
      humanize-ms: 1.2.1
    optional: true

  ai@3.4.33(openai@4.68.4(zod@3.23.8))(react@18.3.1)(sswr@2.1.0(svelte@5.4.0))(svelte@5.4.0)(vue@3.5.13(typescript@5.7.2))(zod@3.23.8):
    dependencies:
      '@ai-sdk/provider': 0.0.26
      '@ai-sdk/provider-utils': 1.0.22(zod@3.23.8)
      '@ai-sdk/react': 0.0.70(react@18.3.1)(zod@3.23.8)
      '@ai-sdk/solid': 0.0.54(zod@3.23.8)
      '@ai-sdk/svelte': 0.0.57(svelte@5.4.0)(zod@3.23.8)
      '@ai-sdk/ui-utils': 0.0.50(zod@3.23.8)
      '@ai-sdk/vue': 0.0.59(vue@3.5.13(typescript@5.7.2))(zod@3.23.8)
      '@opentelemetry/api': 1.9.0
      eventsource-parser: 1.1.2
      json-schema: 0.4.0
      jsondiffpatch: 0.6.0
      secure-json-parse: 2.7.0
      zod-to-json-schema: 3.23.5(zod@3.23.8)
    optionalDependencies:
      openai: 4.68.4(zod@3.23.8)
      react: 18.3.1
      sswr: 2.1.0(svelte@5.4.0)
      svelte: 5.4.0
      zod: 3.23.8
    transitivePeerDependencies:
      - solid-js
      - vue

  aria-query@5.3.2: {}

  asynckit@0.4.0:
    optional: true

  axobject-query@4.1.0: {}

  chalk@5.3.0: {}

  client-only@0.0.1: {}

  combined-stream@1.0.8:
    dependencies:
      delayed-stream: 1.0.0
    optional: true

  composio-core@0.4.4: {}

  csstype@3.1.3: {}

  delayed-stream@1.0.0:
    optional: true

  diff-match-patch@1.0.5: {}

  dotenv@16.4.7: {}

  entities@4.5.0: {}

  esm-env@1.2.1: {}

  esrap@1.2.3:
    dependencies:
      '@jridgewell/sourcemap-codec': 1.5.0
      '@types/estree': 1.0.6

  estree-walker@2.0.2: {}

  event-target-shim@5.0.1:
    optional: true

  eventsource-parser@1.1.2: {}

  form-data-encoder@1.7.2:
    optional: true

  form-data@4.0.1:
    dependencies:
      asynckit: 0.4.0
      combined-stream: 1.0.8
      mime-types: 2.1.35
    optional: true

  formdata-node@4.4.1:
    dependencies:
      node-domexception: 1.0.0
      web-streams-polyfill: 4.0.0-beta.3
    optional: true

  humanize-ms@1.2.1:
    dependencies:
      ms: 2.1.3
    optional: true

  is-reference@3.0.3:
    dependencies:
      '@types/estree': 1.0.6

  js-tokens@4.0.0: {}

  json-schema@0.4.0: {}

  jsondiffpatch@0.6.0:
    dependencies:
      '@types/diff-match-patch': 1.0.36
      chalk: 5.3.0
      diff-match-patch: 1.0.5

  locate-character@3.0.0: {}

  loose-envify@1.4.0:
    dependencies:
      js-tokens: 4.0.0

  magic-string@0.30.15:
    dependencies:
      '@jridgewell/sourcemap-codec': 1.5.0

  mime-db@1.52.0:
    optional: true

  mime-types@2.1.35:
    dependencies:
      mime-db: 1.52.0
    optional: true

  ms@2.1.3:
    optional: true

  nanoid@3.3.6: {}

  nanoid@3.3.8: {}

  node-domexception@1.0.0:
    optional: true

  node-fetch@2.7.0:
    dependencies:
      whatwg-url: 5.0.0
    optional: true

  openai@4.68.4(zod@3.23.8):
    dependencies:
      '@types/node': 18.19.68
      '@types/node-fetch': 2.6.12
      abort-controller: 3.0.0
      agentkeepalive: 4.5.0
      form-data-encoder: 1.7.2
      formdata-node: 4.4.1
      node-fetch: 2.7.0
    optionalDependencies:
      zod: 3.23.8
    transitivePeerDependencies:
      - encoding
    optional: true

  picocolors@1.1.1: {}

  postcss@8.4.49:
    dependencies:
      nanoid: 3.3.8
      picocolors: 1.1.1
      source-map-js: 1.2.1

  react@18.3.1:
    dependencies:
      loose-envify: 1.4.0

  secure-json-parse@2.7.0: {}

  source-map-js@1.2.1: {}

  sswr@2.1.0(svelte@5.4.0):
    dependencies:
      svelte: 5.4.0
      swrev: 4.0.0

  svelte@5.4.0:
    dependencies:
      '@ampproject/remapping': 2.3.0
      '@jridgewell/sourcemap-codec': 1.5.0
      '@types/estree': 1.0.6
      acorn: 8.14.0
      acorn-typescript: 1.4.13(acorn@8.14.0)
      aria-query: 5.3.2
      axobject-query: 4.1.0
      esm-env: 1.2.1
      esrap: 1.2.3
      is-reference: 3.0.3
      locate-character: 3.0.0
      magic-string: 0.30.15
      zimmerframe: 1.1.2

  swr@2.2.5(react@18.3.1):
    dependencies:
      client-only: 0.0.1
      react: 18.3.1
      use-sync-external-store: 1.2.2(react@18.3.1)

  swrev@4.0.0: {}

  swrv@1.0.4(vue@3.5.13(typescript@5.7.2)):
    dependencies:
      vue: 3.5.13(typescript@5.7.2)

  throttleit@2.1.0: {}

  tr46@0.0.3:
    optional: true

  typescript@5.7.2:
    optional: true

  undici-types@5.26.5:
    optional: true

  use-sync-external-store@1.2.2(react@18.3.1):
    dependencies:
      react: 18.3.1

  vue@3.5.13(typescript@5.7.2):
    dependencies:
      '@vue/compiler-dom': 3.5.13
      '@vue/compiler-sfc': 3.5.13
      '@vue/runtime-dom': 3.5.13
      '@vue/server-renderer': 3.5.13(vue@3.5.13(typescript@5.7.2))
      '@vue/shared': 3.5.13
    optionalDependencies:
      typescript: 5.7.2

  web-streams-polyfill@4.0.0-beta.3:
    optional: true

  webidl-conversions@3.0.1:
    optional: true

  whatwg-url@5.0.0:
    dependencies:
      tr46: 0.0.3
      webidl-conversions: 3.0.1
    optional: true

  zimmerframe@1.1.2: {}

  zod-to-json-schema@3.23.5(zod@3.23.8):
    dependencies:
      zod: 3.23.8

  zod@3.23.8: {}
