lockfileVersion: '6.0'

settings:
  autoInstallPeers: true
  excludeLinksFromLockfile: false

dependencies:
  '@playwright/test':
    specifier: ^1.43.0
    version: 1.43.0
  chalk:
    specifier: ^5.3.0
    version: 5.3.0
  playwright:
    specifier: ^1.43.0
    version: 1.43.0
  zx:
    specifier: ^8.0.1
    version: 8.0.1

packages:

  /@playwright/test@1.43.0:
    resolution: {integrity: sha512-Ebw0+MCqoYflop7wVKj711ccbNlrwTBCtjY5rlbiY9kHL2bCYxq+qltK6uPsVBGGAOb033H2VO0YobcQVxoW7Q==}
    engines: {node: '>=16'}
    hasBin: true
    dependencies:
      playwright: 1.43.0
    dev: false

  /@types/fs-extra@11.0.4:
    resolution: {integrity: sha512-yTbItCNreRooED33qjunPthRcSjERP1r4MqCZc7wv0u2sUkzTFp45tgUfS5+r7FrZPdmCCNflLhVSP/o+SemsQ==}
    requiresBuild: true
    dependencies:
      '@types/jsonfile': 6.1.4
      '@types/node': 20.12.7
    dev: false
    optional: true

  /@types/jsonfile@6.1.4:
    resolution: {integrity: sha512-D5qGUYwjvnNNextdU59/+fI+spnwtTFmyQP0h+PfIOSkNfpU6AOICUOkm4i0OnSk+NyjdPJrxCDro0sJsWlRpQ==}
    requiresBuild: true
    dependencies:
      '@types/node': 20.12.7
    dev: false
    optional: true

  /@types/node@20.12.7:
    resolution: {integrity: sha512-wq0cICSkRLVaf3UGLMGItu/PtdY7oaXaI/RVU+xliKVOtRna3PRY57ZDfztpDL0n11vfymMUnXv8QwYCO7L1wg==}
    requiresBuild: true
    dependencies:
      undici-types: 5.26.5
    dev: false
    optional: true

  /chalk@5.3.0:
    resolution: {integrity: sha512-dLitG79d+GV1Nb/VYcCDFivJeK1hiukt9QjRNVOsUtTy1rR1YJsmpGGTZ3qJos+uw7WmWF4wUwBd9jxjocFC2w==}
    engines: {node: ^12.17.0 || ^14.13 || >=16.0.0}
    dev: false

  /fsevents@2.3.2:
    resolution: {integrity: sha512-xiqMQR4xAeHTuB9uWm+fFRcIOgKBMiOBP+eXiyT7jsgVCq1bkVygt00oASowB7EdtpOHaaPgKt812P9ab+DDKA==}
    engines: {node: ^8.16.0 || ^10.6.0 || >=11.0.0}
    os: [darwin]
    requiresBuild: true
    dev: false
    optional: true

  /playwright-core@1.43.0:
    resolution: {integrity: sha512-iWFjyBUH97+pUFiyTqSLd8cDMMOS0r2ZYz2qEsPjH8/bX++sbIJT35MSwKnp1r/OQBAqC5XO99xFbJ9XClhf4w==}
    engines: {node: '>=16'}
    hasBin: true
    dev: false

  /playwright@1.43.0:
    resolution: {integrity: sha512-SiOKHbVjTSf6wHuGCbqrEyzlm6qvXcv7mENP+OZon1I07brfZLGdfWV0l/efAzVx7TF3Z45ov1gPEkku9q25YQ==}
    engines: {node: '>=16'}
    hasBin: true
    dependencies:
      playwright-core: 1.43.0
    optionalDependencies:
      fsevents: 2.3.2
    dev: false

  /undici-types@5.26.5:
    resolution: {integrity: sha512-JlCMO+ehdEIKqlFxk6IfVoAUVmgz7cU7zD/h9XZ0qzeosSHmUJVOzSQvvYSYWXkFXC+IfLKSIffhv0sVZup6pA==}
    requiresBuild: true
    dev: false
    optional: true

  /zx@8.0.1:
    resolution: {integrity: sha512-Y+ITW1GQjADk7qgrbhnukMgoNsJmlyx53cUQ6/6NXU+BMBdCbTc6flTOHUctmzKvPjTmdwaddzJY/dbLie9sQg==}
    engines: {node: '>= 16.0.0'}
    hasBin: true
    optionalDependencies:
      '@types/fs-extra': 11.0.4
      '@types/node': 20.12.7
    dev: false
